
Microsoft Visual Studio Solution File, Format Version 11.00
# Visual Studio 2010
Project("{FAE04EC0-301F-11D3-BF4B-00C04F79EFBC}") = "SpecificDeploymentConfiguration", "SpecificDeploymentConfiguration\SpecificDeploymentConfiguration.csproj", "{09033D87-1F20-45AA-B6C6-1B5A8CFFB717}"
EndProject
Project("{FAE04EC0-301F-11D3-BF4B-00C04F79EFBC}") = "WebApplication1", "WebApplication1\WebApplication1.csproj", "{7F58AEF2-50A5-4827-8A95-B10B24F3658A}"
EndProject
Project("{E24C65DC-7377-472B-9ABA-BC803B73C61A}") = "WebSite1", "WebSite1\", "{56A0C7D5-F23E-495C-8F53-7E80E21C7443}"
	ProjectSection(WebsiteProperties) = preProject
		TargetFrameworkMoniker = ".NETFramework,Version%3Dv4.0"
		Debug.AspNetCompiler.VirtualPath = "/WebSite1"
		Debug.AspNetCompiler.PhysicalPath = "WebSite1\"
		Debug.AspNetCompiler.TargetPath = "PrecompiledWeb\WebSite1\"
		Debug.AspNetCompiler.Updateable = "true"
		Debug.AspNetCompiler.ForceOverwrite = "true"
		Debug.AspNetCompiler.FixedNames = "false"
		Debug.AspNetCompiler.Debug = "True"
		Release.AspNetCompiler.VirtualPath = "/WebSite1"
		Release.AspNetCompiler.PhysicalPath = "WebSite1\"
		Release.AspNetCompiler.TargetPath = "PrecompiledWeb\WebSite1\"
		Release.AspNetCompiler.Updateable = "true"
		Release.AspNetCompiler.ForceOverwrite = "true"
		Release.AspNetCompiler.FixedNames = "false"
		Release.AspNetCompiler.Debug = "False"
		VWDPort = "40805"
		DefaultWebSiteLanguage = "Visual C#"
	EndProjectSection
EndProject
Global
	GlobalSection(SolutionConfigurationPlatforms) = preSolution
		Debug|Any CPU = Debug|Any CPU
		Release|Any CPU = Release|Any CPU
	EndGlobalSection
	GlobalSection(ProjectConfigurationPlatforms) = postSolution
		{09033D87-1F20-45AA-B6C6-1B5A8CFFB717}.Debug|Any CPU.ActiveCfg = Debug|Any CPU
		{09033D87-1F20-45AA-B6C6-1B5A8CFFB717}.Debug|Any CPU.Build.0 = Debug|Any CPU
		{09033D87-1F20-45AA-B6C6-1B5A8CFFB717}.Release|Any CPU.ActiveCfg = Release|Any CPU
		{09033D87-1F20-45AA-B6C6-1B5A8CFFB717}.Release|Any CPU.Build.0 = Release|Any CPU
		{7F58AEF2-50A5-4827-8A95-B10B24F3658A}.Debug|Any CPU.ActiveCfg = Debug|Any CPU
		{7F58AEF2-50A5-4827-8A95-B10B24F3658A}.Debug|Any CPU.Build.0 = Debug|Any CPU
		{7F58AEF2-50A5-4827-8A95-B10B24F3658A}.Release|Any CPU.ActiveCfg = Release|Any CPU
		{7F58AEF2-50A5-4827-8A95-B10B24F3658A}.Release|Any CPU.Build.0 = Release|Any CPU
		{56A0C7D5-F23E-495C-8F53-7E80E21C7443}.Debug|Any CPU.ActiveCfg = Debug|Any CPU
		{56A0C7D5-F23E-495C-8F53-7E80E21C7443}.Debug|Any CPU.Build.0 = Debug|Any CPU
		{56A0C7D5-F23E-495C-8F53-7E80E21C7443}.Release|Any CPU.ActiveCfg = Debug|Any CPU
		{56A0C7D5-F23E-495C-8F53-7E80E21C7443}.Release|Any CPU.Build.0 = Debug|Any CPU
	EndGlobalSection
	GlobalSection(SolutionProperties) = preSolution
		HideSolutionNode = FALSE
	EndGlobalSection
EndGlobal
